{
  "requires": true,
  "lockfileVersion": 1,
  "dependencies": {
    "@types/plupload": {
      "version": "2.0.6",
      "resolved": "https://registry.npmjs.org/@types/plupload/-/plupload-2.0.6.tgz",
      "integrity": "sha512-kRC+OhTdtRXdw+oBKNeYD2l+rAL56wpr7OcYgHxL3NnHPFcFvwL7kQrwf7Tsd3W93PH3as0FbLRNXORyoXajUQ=="
    },
    "plupload": {
      "version": "2.3.6",
      "resolved": "https://registry.npmjs.org/plupload/-/plupload-2.3.6.tgz",
      "integrity": "sha1-Jgis9zXV6NuDJIck142BdXu0OGY="
    }
  }
}
